
Microsoft Visual Studio Solution File, Format Version 12.00
# Visual Studio Version 17
VisualStudioVersion = 17.14.37012.4 d17.14
MinimumVisualStudioVersion = 10.0.40219.1
Project("{FAE04EC0-301F-11D3-BF4B-00C04F79EFBC}") = "PraktikumADO", "PraktikumADO\PraktikumADO.csproj", "{C3330A9A-64BE-4355-9992-24F42B359B83}"
EndProject
Global
	GlobalSection(SolutionConfigurationPlatforms) = preSolution
		Debug|Any CPU = Debug|Any CPU
		Release|Any CPU = Release|Any CPU
	EndGlobalSection
	GlobalSection(ProjectConfigurationPlatforms) = postSolution
		{C3330A9A-64BE-4355-9992-24F42B359B83}.Debug|Any CPU.ActiveCfg = Debug|Any CPU
		{C3330A9A-64BE-4355-9992-24F42B359B83}.Debug|Any CPU.Build.0 = Debug|Any CPU
		{C3330A9A-64BE-4355-9992-24F42B359B83}.Release|Any CPU.ActiveCfg = Release|Any CPU
		{C3330A9A-64BE-4355-9992-24F42B359B83}.Release|Any CPU.Build.0 = Release|Any CPU
	EndGlobalSection
	GlobalSection(SolutionProperties) = preSolution
		HideSolutionNode = FALSE
	EndGlobalSection
	GlobalSection(ExtensibilityGlobals) = postSolution
		SolutionGuid = {F7D19897-A914-438E-A3F5-1AA69ADE462B}
	EndGlobalSection
EndGlobal
